// !$*UTF8*$!
{
	archiveVersion = 1;
	classes = {
	};
	objectVersion = 54;
	objects = {

/* Begin PBXBuildFile section */
		0C80B921A6F3F58F76C31292 /* libPods-BlockstrackerApp.a in Frameworks */ = {isa = PBXBuildFile; fileRef = 5DCACB8F33CDC322A6C60F78 /* libPods-BlockstrackerApp.a */; };
		13B07FBF1A68108700A75B9A /* Images.xcassets in Resources */ = {isa = PBXBuildFile; fileRef = 13B07FB51A68108700A75B9A /* Images.xcassets */; };
		761780ED2CA45674006654EE /* AppDelegate.swift in Sources */ = {isa = PBXBuildFile; fileRef = 761780EC2CA45674006654EE /* AppDelegate.swift */; };
		81AB9BB82411601600AC10FF /* LaunchScreen.storyboard in Resources */ = {isa = PBXBuildFile; fileRef = 81AB9BB72411601600AC10FF /* LaunchScreen.storyboard */; };
		16C5CCD0CE9D44D5B2D3CE49 /* HankenGrotesk-Black.ttf in Resources */ = {isa = PBXBuildFile; fileRef = B3A622D243E846DFA99C3D2D /* HankenGrotesk-Black.ttf */; };
		D2466EBC212E4B459486136C /* HankenGrotesk-BlackItalic.ttf in Resources */ = {isa = PBXBuildFile; fileRef = E49B702F5DD04BC9BA3D24AB /* HankenGrotesk-BlackItalic.ttf */; };
		89D0332D4AD84B86BF2E68AB /* HankenGrotesk-Bold.ttf in Resources */ = {isa = PBXBuildFile; fileRef = B7DB43DE1BEF44F1BE716064 /* HankenGrotesk-Bold.ttf */; };
		3444F2790220421F9496990D /* HankenGrotesk-BoldItalic.ttf in Resources */ = {isa = PBXBuildFile; fileRef = BAEC4AD59CD84BC2929F3285 /* HankenGrotesk-BoldItalic.ttf */; };
		6FB13D0C791D48BEB1E4CB97 /* HankenGrotesk-ExtraBold.ttf in Resources */ = {isa = PBXBuildFile; fileRef = 15212322F4524F7A9D2BA340 /* HankenGrotesk-ExtraBold.ttf */; };
		8F4F761AC81346A8933E588C /* HankenGrotesk-ExtraBoldItalic.ttf in Resources */ = {isa = PBXBuildFile; fileRef = 6D92D61A5A644F6ABD1B037C /* HankenGrotesk-ExtraBoldItalic.ttf */; };
		835C0028A79C4892A8A9DC1F /* HankenGrotesk-ExtraLight.ttf in Resources */ = {isa = PBXBuildFile; fileRef = 7C0D03A3C53842F9B712AA30 /* HankenGrotesk-ExtraLight.ttf */; };
		CC65CEE486C64CBAAE309D47 /* HankenGrotesk-ExtraLightItalic.ttf in Resources */ = {isa = PBXBuildFile; fileRef = DC51DDA588EA43F3AD90A64A /* HankenGrotesk-ExtraLightItalic.ttf */; };
		AA2B95E1EC0643C6A03FDB6A /* HankenGrotesk-Italic.ttf in Resources */ = {isa = PBXBuildFile; fileRef = 7B39764AB3274350A13925B5 /* HankenGrotesk-Italic.ttf */; };
		08AEB05A64514A82821D9A98 /* HankenGrotesk-Light.ttf in Resources */ = {isa = PBXBuildFile; fileRef = 0732349C822F4FDBA8DD3904 /* HankenGrotesk-Light.ttf */; };
		482F765B793641009C5BAFE4 /* HankenGrotesk-LightItalic.ttf in Resources */ = {isa = PBXBuildFile; fileRef = A368976CA9894EF382D743E6 /* HankenGrotesk-LightItalic.ttf */; };
		CF835587D95C4FB7A7743646 /* HankenGrotesk-Medium.ttf in Resources */ = {isa = PBXBuildFile; fileRef = 2A4D620D9A744FB49E155F8A /* HankenGrotesk-Medium.ttf */; };
		86DA2211BA564F3998C022EE /* HankenGrotesk-MediumItalic.ttf in Resources */ = {isa = PBXBuildFile; fileRef = 6E425618817C4F4FBCB6A9FF /* HankenGrotesk-MediumItalic.ttf */; };
		F873934905814B178375D933 /* HankenGrotesk-Regular.ttf in Resources */ = {isa = PBXBuildFile; fileRef = 5F143E5F7853422B9DDE50D6 /* HankenGrotesk-Regular.ttf */; };
		C1A3DC3EF1804CFC88E35281 /* HankenGrotesk-SemiBold.ttf in Resources */ = {isa = PBXBuildFile; fileRef = BDFD0AACD9324DDF91F4E19E /* HankenGrotesk-SemiBold.ttf */; };
		03BA7E7ACBEC4A278D7C4927 /* HankenGrotesk-SemiBoldItalic.ttf in Resources */ = {isa = PBXBuildFile; fileRef = 2D18D7EBD18847439F749C6A /* HankenGrotesk-SemiBoldItalic.ttf */; };
		3C1BD60E8F994658896C85AD /* HankenGrotesk-Thin.ttf in Resources */ = {isa = PBXBuildFile; fileRef = E75ECC6356A9484C958063F2 /* HankenGrotesk-Thin.ttf */; };
		6FC57A83BFFF418B8BA20DAE /* HankenGrotesk-ThinItalic.ttf in Resources */ = {isa = PBXBuildFile; fileRef = 46DFD263CA3D4D4CA0C5BD15 /* HankenGrotesk-ThinItalic.ttf */; };
/* End PBXBuildFile section */

/* Begin PBXContainerItemProxy section */
		00E356F41AD99517003FC87E /* PBXContainerItemProxy */ = {
			isa = PBXContainerItemProxy;
			containerPortal = 83CBB9F71A601CBA00E9B192 /* Project object */;
			proxyType = 1;
			remoteGlobalIDString = 13B07F861A680F5B00A75B9A;
			remoteInfo = BlockstrackerApp;
		};
/* End PBXContainerItemProxy section */

/* Begin PBXFileReference section */
		00E356F11AD99517003FC87E /* Info.plist */ = {isa = PBXFileReference; lastKnownFileType = text.plist.xml; path = Info.plist; sourceTree = "<group>"; };
		13B07F961A680F5B00A75B9A /* BlockstrackerApp.app */ = {isa = PBXFileReference; explicitFileType = wrapper.application; includeInIndex = 0; path = BlockstrackerApp.app; sourceTree = BUILT_PRODUCTS_DIR; };
		13B07FB51A68108700A75B9A /* Images.xcassets */ = {isa = PBXFileReference; lastKnownFileType = folder.assetcatalog; name = Images.xcassets; path = BlockstrackerApp/Images.xcassets; sourceTree = "<group>"; };
		13B07FB61A68108700A75B9A /* Info.plist */ = {isa = PBXFileReference; fileEncoding = 4; lastKnownFileType = text.plist.xml; name = Info.plist; path = BlockstrackerApp/Info.plist; sourceTree = "<group>"; };
		13B07FB81A68108700A75B9A /* PrivacyInfo.xcprivacy */ = {isa = PBXFileReference; fileEncoding = 4; lastKnownFileType = text.plist.xml; name = PrivacyInfo.xcprivacy; path = BlockstrackerApp/PrivacyInfo.xcprivacy; sourceTree = "<group>"; };
		3B4392A12AC88292D35C810B /* Pods-BlockstrackerApp.debug.xcconfig */ = {isa = PBXFileReference; includeInIndex = 1; lastKnownFileType = text.xcconfig; name = "Pods-BlockstrackerApp.debug.xcconfig"; path = "Target Support Files/Pods-BlockstrackerApp/Pods-BlockstrackerApp.debug.xcconfig"; sourceTree = "<group>"; };
		5709B34CF0A7D63546082F79 /* Pods-BlockstrackerApp.release.xcconfig */ = {isa = PBXFileReference; includeInIndex = 1; lastKnownFileType = text.xcconfig; name = "Pods-BlockstrackerApp.release.xcconfig"; path = "Target Support Files/Pods-BlockstrackerApp/Pods-BlockstrackerApp.release.xcconfig"; sourceTree = "<group>"; };
		5DCACB8F33CDC322A6C60F78 /* libPods-BlockstrackerApp.a */ = {isa = PBXFileReference; explicitFileType = archive.ar; includeInIndex = 0; path = "libPods-BlockstrackerApp.a"; sourceTree = BUILT_PRODUCTS_DIR; };
		761780EC2CA45674006654EE /* AppDelegate.swift */ = {isa = PBXFileReference; lastKnownFileType = sourcecode.swift; name = AppDelegate.swift; path = BlockstrackerApp/AppDelegate.swift; sourceTree = "<group>"; };
		81AB9BB72411601600AC10FF /* LaunchScreen.storyboard */ = {isa = PBXFileReference; fileEncoding = 4; lastKnownFileType = file.storyboard; name = LaunchScreen.storyboard; path = BlockstrackerApp/LaunchScreen.storyboard; sourceTree = "<group>"; };
		ED297162215061F000B7C4FE /* JavaScriptCore.framework */ = {isa = PBXFileReference; lastKnownFileType = wrapper.framework; name = JavaScriptCore.framework; path = System/Library/Frameworks/JavaScriptCore.framework; sourceTree = SDKROOT; };
		B3A622D243E846DFA99C3D2D /* HankenGrotesk-Black.ttf */ = {isa = PBXFileReference; name = "HankenGrotesk-Black.ttf"; path = "../src/assets/fonts/HankenGrotesk-Black.ttf"; sourceTree = "<group>"; fileEncoding = undefined; lastKnownFileType = unknown; explicitFileType = undefined; includeInIndex = 0; };
		E49B702F5DD04BC9BA3D24AB /* HankenGrotesk-BlackItalic.ttf */ = {isa = PBXFileReference; name = "HankenGrotesk-BlackItalic.ttf"; path = "../src/assets/fonts/HankenGrotesk-BlackItalic.ttf"; sourceTree = "<group>"; fileEncoding = undefined; lastKnownFileType = unknown; explicitFileType = undefined; includeInIndex = 0; };
		B7DB43DE1BEF44F1BE716064 /* HankenGrotesk-Bold.ttf */ = {isa = PBXFileReference; name = "HankenGrotesk-Bold.ttf"; path = "../src/assets/fonts/HankenGrotesk-Bold.ttf"; sourceTree = "<group>"; fileEncoding = undefined; lastKnownFileType = unknown; explicitFileType = undefined; includeInIndex = 0; };
		BAEC4AD59CD84BC2929F3285 /* HankenGrotesk-BoldItalic.ttf */ = {isa = PBXFileReference; name = "HankenGrotesk-BoldItalic.ttf"; path = "../src/assets/fonts/HankenGrotesk-BoldItalic.ttf"; sourceTree = "<group>"; fileEncoding = undefined; lastKnownFileType = unknown; explicitFileType = undefined; includeInIndex = 0; };
		15212322F4524F7A9D2BA340 /* HankenGrotesk-ExtraBold.ttf */ = {isa = PBXFileReference; name = "HankenGrotesk-ExtraBold.ttf"; path = "../src/assets/fonts/HankenGrotesk-ExtraBold.ttf"; sourceTree = "<group>"; fileEncoding = undefined; lastKnownFileType = unknown; explicitFileType = undefined; includeInIndex = 0; };
		6D92D61A5A644F6ABD1B037C /* HankenGrotesk-ExtraBoldItalic.ttf */ = {isa = PBXFileReference; name = "HankenGrotesk-ExtraBoldItalic.ttf"; path = "../src/assets/fonts/HankenGrotesk-ExtraBoldItalic.ttf"; sourceTree = "<group>"; fileEncoding = undefined; lastKnownFileType = unknown; explicitFileType = undefined; includeInIndex = 0; };
		7C0D03A3C53842F9B712AA30 /* HankenGrotesk-ExtraLight.ttf */ = {isa = PBXFileReference; name = "HankenGrotesk-ExtraLight.ttf"; path = "../src/assets/fonts/HankenGrotesk-ExtraLight.ttf"; sourceTree = "<group>"; fileEncoding = undefined; lastKnownFileType = unknown; explicitFileType = undefined; includeInIndex = 0; };
		DC51DDA588EA43F3AD90A64A /* HankenGrotesk-ExtraLightItalic.ttf */ = {isa = PBXFileReference; name = "HankenGrotesk-ExtraLightItalic.ttf"; path = "../src/assets/fonts/HankenGrotesk-ExtraLightItalic.ttf"; sourceTree = "<group>"; fileEncoding = undefined; lastKnownFileType = unknown; explicitFileType = undefined; includeInIndex = 0; };
		7B39764AB3274350A13925B5 /* HankenGrotesk-Italic.ttf */ = {isa = PBXFileReference; name = "HankenGrotesk-Italic.ttf"; path = "../src/assets/fonts/HankenGrotesk-Italic.ttf"; sourceTree = "<group>"; fileEncoding = undefined; lastKnownFileType = unknown; explicitFileType = undefined; includeInIndex = 0; };
		0732349C822F4FDBA8DD3904 /* HankenGrotesk-Light.ttf */ = {isa = PBXFileReference; name = "HankenGrotesk-Light.ttf"; path = "../src/assets/fonts/HankenGrotesk-Light.ttf"; sourceTree = "<group>"; fileEncoding = undefined; lastKnownFileType = unknown; explicitFileType = undefined; includeInIndex = 0; };
		A368976CA9894EF382D743E6 /* HankenGrotesk-LightItalic.ttf */ = {isa = PBXFileReference; name = "HankenGrotesk-LightItalic.ttf"; path = "../src/assets/fonts/HankenGrotesk-LightItalic.ttf"; sourceTree = "<group>"; fileEncoding = undefined; lastKnownFileType = unknown; explicitFileType = undefined; includeInIndex = 0; };
		2A4D620D9A744FB49E155F8A /* HankenGrotesk-Medium.ttf */ = {isa = PBXFileReference; name = "HankenGrotesk-Medium.ttf"; path = "../src/assets/fonts/HankenGrotesk-Medium.ttf"; sourceTree = "<group>"; fileEncoding = undefined; lastKnownFileType = unknown; explicitFileType = undefined; includeInIndex = 0; };
		6E425618817C4F4FBCB6A9FF /* HankenGrotesk-MediumItalic.ttf */ = {isa = PBXFileReference; name = "HankenGrotesk-MediumItalic.ttf"; path = "../src/assets/fonts/HankenGrotesk-MediumItalic.ttf"; sourceTree = "<group>"; fileEncoding = undefined; lastKnownFileType = unknown; explicitFileType = undefined; includeInIndex = 0; };
		5F143E5F7853422B9DDE50D6 /* HankenGrotesk-Regular.ttf */ = {isa = PBXFileReference; name = "HankenGrotesk-Regular.ttf"; path = "../src/assets/fonts/HankenGrotesk-Regular.ttf"; sourceTree = "<group>"; fileEncoding = undefined; lastKnownFileType = unknown; explicitFileType = undefined; includeInIndex = 0; };
		BDFD0AACD9324DDF91F4E19E /* HankenGrotesk-SemiBold.ttf */ = {isa = PBXFileReference; name = "HankenGrotesk-SemiBold.ttf"; path = "../src/assets/fonts/HankenGrotesk-SemiBold.ttf"; sourceTree = "<group>"; fileEncoding = undefined; lastKnownFileType = unknown; explicitFileType = undefined; includeInIndex = 0; };
		2D18D7EBD18847439F749C6A /* HankenGrotesk-SemiBoldItalic.ttf */ = {isa = PBXFileReference; name = "HankenGrotesk-SemiBoldItalic.ttf"; path = "../src/assets/fonts/HankenGrotesk-SemiBoldItalic.ttf"; sourceTree = "<group>"; fileEncoding = undefined; lastKnownFileType = unknown; explicitFileType = undefined; includeInIndex = 0; };
		E75ECC6356A9484C958063F2 /* HankenGrotesk-Thin.ttf */ = {isa = PBXFileReference; name = "HankenGrotesk-Thin.ttf"; path = "../src/assets/fonts/HankenGrotesk-Thin.ttf"; sourceTree = "<group>"; fileEncoding = undefined; lastKnownFileType = unknown; explicitFileType = undefined; includeInIndex = 0; };
		46DFD263CA3D4D4CA0C5BD15 /* HankenGrotesk-ThinItalic.ttf */ = {isa = PBXFileReference; name = "HankenGrotesk-ThinItalic.ttf"; path = "../src/assets/fonts/HankenGrotesk-ThinItalic.ttf"; sourceTree = "<group>"; fileEncoding = undefined; lastKnownFileType = unknown; explicitFileType = undefined; includeInIndex = 0; };
/* End PBXFileReference section */

/* Begin PBXFrameworksBuildPhase section */
		13B07F8C1A680F5B00A75B9A /* Frameworks */ = {
			isa = PBXFrameworksBuildPhase;
			buildActionMask = 2147483647;
			files = (
				0C80B921A6F3F58F76C31292 /* libPods-BlockstrackerApp.a in Frameworks */,
			);
			runOnlyForDeploymentPostprocessing = 0;
		};
/* End PBXFrameworksBuildPhase section */

/* Begin PBXGroup section */
		00E356F01AD99517003FC87E /* Supporting Files */ = {
			isa = PBXGroup;
			children = (
				00E356F11AD99517003FC87E /* Info.plist */,
			);
			name = "Supporting Files";
			sourceTree = "<group>";
		};
		13B07FAE1A68108700A75B9A /* BlockstrackerApp */ = {
			isa = PBXGroup;
			children = (
				13B07FB51A68108700A75B9A /* Images.xcassets */,
				761780EC2CA45674006654EE /* AppDelegate.swift */,
				13B07FB61A68108700A75B9A /* Info.plist */,
				81AB9BB72411601600AC10FF /* LaunchScreen.storyboard */,
				13B07FB81A68108700A75B9A /* PrivacyInfo.xcprivacy */,
			);
			name = BlockstrackerApp;
			sourceTree = "<group>";
		};
		2D16E6871FA4F8E400B85C8A /* Frameworks */ = {
			isa = PBXGroup;
			children = (
				ED297162215061F000B7C4FE /* JavaScriptCore.framework */,
				5DCACB8F33CDC322A6C60F78 /* libPods-BlockstrackerApp.a */,
			);
			name = Frameworks;
			sourceTree = "<group>";
		};
		832341AE1AAA6A7D00B99B32 /* Libraries */ = {
			isa = PBXGroup;
			children = (
			);
			name = Libraries;
			sourceTree = "<group>";
		};
		83CBB9F61A601CBA00E9B192 = {
			isa = PBXGroup;
			children = (
				13B07FAE1A68108700A75B9A /* BlockstrackerApp */,
				832341AE1AAA6A7D00B99B32 /* Libraries */,
				83CBBA001A601CBA00E9B192 /* Products */,
				2D16E6871FA4F8E400B85C8A /* Frameworks */,
				BBD78D7AC51CEA395F1C20DB /* Pods */,
				6EAEA8A8EADB4A0CB866AF14 /* Resources */,
			);
			indentWidth = 2;
			sourceTree = "<group>";
			tabWidth = 2;
			usesTabs = 0;
		};
		83CBBA001A601CBA00E9B192 /* Products */ = {
			isa = PBXGroup;
			children = (
				13B07F961A680F5B00A75B9A /* BlockstrackerApp.app */,
			);
			name = Products;
			sourceTree = "<group>";
		};
		BBD78D7AC51CEA395F1C20DB /* Pods */ = {
			isa = PBXGroup;
			children = (
				3B4392A12AC88292D35C810B /* Pods-BlockstrackerApp.debug.xcconfig */,
				5709B34CF0A7D63546082F79 /* Pods-BlockstrackerApp.release.xcconfig */,
			);
			path = Pods;
			sourceTree = "<group>";
		};
		6EAEA8A8EADB4A0CB866AF14 /* Resources */ = {
			isa = "PBXGroup";
			children = (
				B3A622D243E846DFA99C3D2D /* HankenGrotesk-Black.ttf */,
				E49B702F5DD04BC9BA3D24AB /* HankenGrotesk-BlackItalic.ttf */,
				B7DB43DE1BEF44F1BE716064 /* HankenGrotesk-Bold.ttf */,
				BAEC4AD59CD84BC2929F3285 /* HankenGrotesk-BoldItalic.ttf */,
				15212322F4524F7A9D2BA340 /* HankenGrotesk-ExtraBold.ttf */,
				6D92D61A5A644F6ABD1B037C /* HankenGrotesk-ExtraBoldItalic.ttf */,
				7C0D03A3C53842F9B712AA30 /* HankenGrotesk-ExtraLight.ttf */,
				DC51DDA588EA43F3AD90A64A /* HankenGrotesk-ExtraLightItalic.ttf */,
				7B39764AB3274350A13925B5 /* HankenGrotesk-Italic.ttf */,
				0732349C822F4FDBA8DD3904 /* HankenGrotesk-Light.ttf */,
				A368976CA9894EF382D743E6 /* HankenGrotesk-LightItalic.ttf */,
				2A4D620D9A744FB49E155F8A /* HankenGrotesk-Medium.ttf */,
				6E425618817C4F4FBCB6A9FF /* HankenGrotesk-MediumItalic.ttf */,
				5F143E5F7853422B9DDE50D6 /* HankenGrotesk-Regular.ttf */,
				BDFD0AACD9324DDF91F4E19E /* HankenGrotesk-SemiBold.ttf */,
				2D18D7EBD18847439F749C6A /* HankenGrotesk-SemiBoldItalic.ttf */,
				E75ECC6356A9484C958063F2 /* HankenGrotesk-Thin.ttf */,
				46DFD263CA3D4D4CA0C5BD15 /* HankenGrotesk-ThinItalic.ttf */,
			);
			name = Resources;
			sourceTree = "<group>";
			path = "";
		};
/* End PBXGroup section */

/* Begin PBXNativeTarget section */
		13B07F861A680F5B00A75B9A /* BlockstrackerApp */ = {
			isa = PBXNativeTarget;
			buildConfigurationList = 13B07F931A680F5B00A75B9A /* Build configuration list for PBXNativeTarget "BlockstrackerApp" */;
			buildPhases = (
				C38B50BA6285516D6DCD4F65 /* [CP] Check Pods Manifest.lock */,
				13B07F871A680F5B00A75B9A /* Sources */,
				13B07F8C1A680F5B00A75B9A /* Frameworks */,
				13B07F8E1A680F5B00A75B9A /* Resources */,
				00DD1BFF1BD5951E006B06BC /* Bundle React Native code and images */,
				00EEFC60759A1932668264C0 /* [CP] Embed Pods Frameworks */,
				E235C05ADACE081382539298 /* [CP] Copy Pods Resources */,
			);
			buildRules = (
			);
			dependencies = (
			);
			name = BlockstrackerApp;
			productName = BlockstrackerApp;
			productReference = 13B07F961A680F5B00A75B9A /* BlockstrackerApp.app */;
			productType = "com.apple.product-type.application";
		};
/* End PBXNativeTarget section */

/* Begin PBXProject section */
		83CBB9F71A601CBA00E9B192 /* Project object */ = {
			isa = PBXProject;
			attributes = {
				LastUpgradeCheck = 1210;
				TargetAttributes = {
					13B07F861A680F5B00A75B9A = {
						LastSwiftMigration = 1120;
					};
				};
			};
			buildConfigurationList = 83CBB9FA1A601CBA00E9B192 /* Build configuration list for PBXProject "BlockstrackerApp" */;
			compatibilityVersion = "Xcode 12.0";
			developmentRegion = en;
			hasScannedForEncodings = 0;
			knownRegions = (
				en,
				Base,
			);
			mainGroup = 83CBB9F61A601CBA00E9B192;
			productRefGroup = 83CBBA001A601CBA00E9B192 /* Products */;
			projectDirPath = "";
			projectRoot = "";
			targets = (
				13B07F861A680F5B00A75B9A /* BlockstrackerApp */,
			);
		};
/* End PBXProject section */

/* Begin PBXResourcesBuildPhase section */
		00E356EC1AD99517003FC87E /* Resources */ = {
			isa = PBXResourcesBuildPhase;
			buildActionMask = 2147483647;
			files = (
			);
			runOnlyForDeploymentPostprocessing = 0;
		};
		13B07F8E1A680F5B00A75B9A /* Resources */ = {
			isa = PBXResourcesBuildPhase;
			buildActionMask = 2147483647;
			files = (
				81AB9BB82411601600AC10FF /* LaunchScreen.storyboard in Resources */,
				13B07FBF1A68108700A75B9A /* Images.xcassets in Resources */,
				16C5CCD0CE9D44D5B2D3CE49 /* HankenGrotesk-Black.ttf in Resources */,
				D2466EBC212E4B459486136C /* HankenGrotesk-BlackItalic.ttf in Resources */,
				89D0332D4AD84B86BF2E68AB /* HankenGrotesk-Bold.ttf in Resources */,
				3444F2790220421F9496990D /* HankenGrotesk-BoldItalic.ttf in Resources */,
				6FB13D0C791D48BEB1E4CB97 /* HankenGrotesk-ExtraBold.ttf in Resources */,
				8F4F761AC81346A8933E588C /* HankenGrotesk-ExtraBoldItalic.ttf in Resources */,
				835C0028A79C4892A8A9DC1F /* HankenGrotesk-ExtraLight.ttf in Resources */,
				CC65CEE486C64CBAAE309D47 /* HankenGrotesk-ExtraLightItalic.ttf in Resources */,
				AA2B95E1EC0643C6A03FDB6A /* HankenGrotesk-Italic.ttf in Resources */,
				08AEB05A64514A82821D9A98 /* HankenGrotesk-Light.ttf in Resources */,
				482F765B793641009C5BAFE4 /* HankenGrotesk-LightItalic.ttf in Resources */,
				CF835587D95C4FB7A7743646 /* HankenGrotesk-Medium.ttf in Resources */,
				86DA2211BA564F3998C022EE /* HankenGrotesk-MediumItalic.ttf in Resources */,
				F873934905814B178375D933 /* HankenGrotesk-Regular.ttf in Resources */,
				C1A3DC3EF1804CFC88E35281 /* HankenGrotesk-SemiBold.ttf in Resources */,
				03BA7E7ACBEC4A278D7C4927 /* HankenGrotesk-SemiBoldItalic.ttf in Resources */,
				3C1BD60E8F994658896C85AD /* HankenGrotesk-Thin.ttf in Resources */,
				6FC57A83BFFF418B8BA20DAE /* HankenGrotesk-ThinItalic.ttf in Resources */,
			);
			runOnlyForDeploymentPostprocessing = 0;
		};
/* End PBXResourcesBuildPhase section */

/* Begin PBXShellScriptBuildPhase section */
		00DD1BFF1BD5951E006B06BC /* Bundle React Native code and images */ = {
			isa = PBXShellScriptBuildPhase;
			buildActionMask = 2147483647;
			files = (
			);
			inputPaths = (
				"$(SRCROOT)/.xcode.env.local",
				"$(SRCROOT)/.xcode.env",
			);
			name = "Bundle React Native code and images";
			outputPaths = (
			);
			runOnlyForDeploymentPostprocessing = 0;
			shellPath = /bin/sh;
			shellScript = "set -e\n\nWITH_ENVIRONMENT=\"$REACT_NATIVE_PATH/scripts/xcode/with-environment.sh\"\nREACT_NATIVE_XCODE=\"$REACT_NATIVE_PATH/scripts/react-native-xcode.sh\"\n\n/bin/sh -c \"$WITH_ENVIRONMENT $REACT_NATIVE_XCODE\"\n";
		};
		00EEFC60759A1932668264C0 /* [CP] Embed Pods Frameworks */ = {
			isa = PBXShellScriptBuildPhase;
			buildActionMask = 2147483647;
			files = (
			);
			inputFileListPaths = (
				"${PODS_ROOT}/Target Support Files/Pods-BlockstrackerApp/Pods-BlockstrackerApp-frameworks-${CONFIGURATION}-input-files.xcfilelist",
			);
			name = "[CP] Embed Pods Frameworks";
			outputFileListPaths = (
				"${PODS_ROOT}/Target Support Files/Pods-BlockstrackerApp/Pods-BlockstrackerApp-frameworks-${CONFIGURATION}-output-files.xcfilelist",
			);
			runOnlyForDeploymentPostprocessing = 0;
			shellPath = /bin/sh;
			shellScript = "\"${PODS_ROOT}/Target Support Files/Pods-BlockstrackerApp/Pods-BlockstrackerApp-frameworks.sh\"\n";
			showEnvVarsInLog = 0;
		};
		C38B50BA6285516D6DCD4F65 /* [CP] Check Pods Manifest.lock */ = {
			isa = PBXShellScriptBuildPhase;
			buildActionMask = 2147483647;
			files = (
			);
			inputFileListPaths = (
			);
			inputPaths = (
				"${PODS_PODFILE_DIR_PATH}/Podfile.lock",
				"${PODS_ROOT}/Manifest.lock",
			);
			name = "[CP] Check Pods Manifest.lock";
			outputFileListPaths = (
			);
			outputPaths = (
				"$(DERIVED_FILE_DIR)/Pods-BlockstrackerApp-checkManifestLockResult.txt",
			);
			runOnlyForDeploymentPostprocessing = 0;
			shellPath = /bin/sh;
			shellScript = "diff \"${PODS_PODFILE_DIR_PATH}/Podfile.lock\" \"${PODS_ROOT}/Manifest.lock\" > /dev/null\nif [ $? != 0 ] ; then\n    # print error to STDERR\n    echo \"error: The sandbox is not in sync with the Podfile.lock. Run 'pod install' or update your CocoaPods installation.\" >&2\n    exit 1\nfi\n# This output is used by Xcode 'outputs' to avoid re-running this script phase.\necho \"SUCCESS\" > \"${SCRIPT_OUTPUT_FILE_0}\"\n";
			showEnvVarsInLog = 0;
		};
		E235C05ADACE081382539298 /* [CP] Copy Pods Resources */ = {
			isa = PBXShellScriptBuildPhase;
			buildActionMask = 2147483647;
			files = (
			);
			inputFileListPaths = (
				"${PODS_ROOT}/Target Support Files/Pods-BlockstrackerApp/Pods-BlockstrackerApp-resources-${CONFIGURATION}-input-files.xcfilelist",
			);
			name = "[CP] Copy Pods Resources";
			outputFileListPaths = (
				"${PODS_ROOT}/Target Support Files/Pods-BlockstrackerApp/Pods-BlockstrackerApp-resources-${CONFIGURATION}-output-files.xcfilelist",
			);
			runOnlyForDeploymentPostprocessing = 0;
			shellPath = /bin/sh;
			shellScript = "\"${PODS_ROOT}/Target Support Files/Pods-BlockstrackerApp/Pods-BlockstrackerApp-resources.sh\"\n";
			showEnvVarsInLog = 0;
		};
/* End PBXShellScriptBuildPhase section */

/* Begin PBXSourcesBuildPhase section */
		13B07F871A680F5B00A75B9A /* Sources */ = {
			isa = PBXSourcesBuildPhase;
			buildActionMask = 2147483647;
			files = (
				761780ED2CA45674006654EE /* AppDelegate.swift in Sources */,
			);
			runOnlyForDeploymentPostprocessing = 0;
		};
/* End PBXSourcesBuildPhase section */

/* Begin PBXTargetDependency section */
		00E356F51AD99517003FC87E /* PBXTargetDependency */ = {
			isa = PBXTargetDependency;
			target = 13B07F861A680F5B00A75B9A /* BlockstrackerApp */;
			targetProxy = 00E356F41AD99517003FC87E /* PBXContainerItemProxy */;
		};
/* End PBXTargetDependency section */

/* Begin XCBuildConfiguration section */
		13B07F941A680F5B00A75B9A /* Debug */ = {
			isa = XCBuildConfiguration;
			baseConfigurationReference = 3B4392A12AC88292D35C810B /* Pods-BlockstrackerApp.debug.xcconfig */;
			buildSettings = {
				ASSETCATALOG_COMPILER_APPICON_NAME = AppIcon;
				CLANG_ENABLE_MODULES = YES;
				CURRENT_PROJECT_VERSION = 1;
				ENABLE_BITCODE = NO;
				INFOPLIST_FILE = BlockstrackerApp/Info.plist;
				IPHONEOS_DEPLOYMENT_TARGET = 15.1;
				LD_RUNPATH_SEARCH_PATHS = (
					"$(inherited)",
					"@executable_path/Frameworks",
				);
				MARKETING_VERSION = 1.0;
				OTHER_LDFLAGS = (
					"$(inherited)",
					"-ObjC",
					"-lc++",
				);
				PRODUCT_BUNDLE_IDENTIFIER = "org.reactjs.native.example.$(PRODUCT_NAME:rfc1034identifier)";
				PRODUCT_NAME = BlockstrackerApp;
				SWIFT_OPTIMIZATION_LEVEL = "-Onone";
				SWIFT_VERSION = 5.0;
				VERSIONING_SYSTEM = "apple-generic";
			};
			name = Debug;
		};
		13B07F951A680F5B00A75B9A /* Release */ = {
			isa = XCBuildConfiguration;
			baseConfigurationReference = 5709B34CF0A7D63546082F79 /* Pods-BlockstrackerApp.release.xcconfig */;
			buildSettings = {
				ASSETCATALOG_COMPILER_APPICON_NAME = AppIcon;
				CLANG_ENABLE_MODULES = YES;
				CURRENT_PROJECT_VERSION = 1;
				INFOPLIST_FILE = BlockstrackerApp/Info.plist;
				IPHONEOS_DEPLOYMENT_TARGET = 15.1;
				LD_RUNPATH_SEARCH_PATHS = (
					"$(inherited)",
					"@executable_path/Frameworks",
				);
				MARKETING_VERSION = 1.0;
				OTHER_LDFLAGS = (
					"$(inherited)",
					"-ObjC",
					"-lc++",
				);
				PRODUCT_BUNDLE_IDENTIFIER = "org.reactjs.native.example.$(PRODUCT_NAME:rfc1034identifier)";
				PRODUCT_NAME = BlockstrackerApp;
				SWIFT_VERSION = 5.0;
				VERSIONING_SYSTEM = "apple-generic";
			};
			name = Release;
		};
		83CBBA201A601CBA00E9B192 /* Debug */ = {
			isa = XCBuildConfiguration;
			buildSettings = {
				ALWAYS_SEARCH_USER_PATHS = NO;
				CLANG_ANALYZER_LOCALIZABILITY_NONLOCALIZED = YES;
				CLANG_CXX_LANGUAGE_STANDARD = "c++20";
				CLANG_CXX_LIBRARY = "libc++";
				CLANG_ENABLE_MODULES = YES;
				CLANG_ENABLE_OBJC_ARC = YES;
				CLANG_WARN_BLOCK_CAPTURE_AUTORELEASING = YES;
				CLANG_WARN_BOOL_CONVERSION = YES;
				CLANG_WARN_COMMA = YES;
				CLANG_WARN_CONSTANT_CONVERSION = YES;
				CLANG_WARN_DEPRECATED_OBJC_IMPLEMENTATIONS = YES;
				CLANG_WARN_DIRECT_OBJC_ISA_USAGE = YES_ERROR;
				CLANG_WARN_EMPTY_BODY = YES;
				CLANG_WARN_ENUM_CONVERSION = YES;
				CLANG_WARN_INFINITE_RECURSION = YES;
				CLANG_WARN_INT_CONVERSION = YES;
				CLANG_WARN_NON_LITERAL_NULL_CONVERSION = YES;
				CLANG_WARN_OBJC_IMPLICIT_RETAIN_SELF = YES;
				CLANG_WARN_OBJC_LITERAL_CONVERSION = YES;
				CLANG_WARN_OBJC_ROOT_CLASS = YES_ERROR;
				CLANG_WARN_QUOTED_INCLUDE_IN_FRAMEWORK_HEADER = YES;
				CLANG_WARN_RANGE_LOOP_ANALYSIS = YES;
				CLANG_WARN_STRICT_PROTOTYPES = YES;
				CLANG_WARN_SUSPICIOUS_MOVE = YES;
				CLANG_WARN_UNREACHABLE_CODE = YES;
				CLANG_WARN__DUPLICATE_METHOD_MATCH = YES;
				"CODE_SIGN_IDENTITY[sdk=iphoneos*]" = "iPhone Developer";
				COPY_PHASE_STRIP = NO;
				ENABLE_STRICT_OBJC_MSGSEND = YES;
				ENABLE_TESTABILITY = YES;
				"EXCLUDED_ARCHS[sdk=iphonesimulator*]" = "";
				GCC_C_LANGUAGE_STANDARD = gnu99;
				GCC_DYNAMIC_NO_PIC = NO;
				GCC_NO_COMMON_BLOCKS = YES;
				GCC_OPTIMIZATION_LEVEL = 0;
				GCC_PREPROCESSOR_DEFINITIONS = (
					"DEBUG=1",
					"$(inherited)",
				);
				GCC_SYMBOLS_PRIVATE_EXTERN = NO;
				GCC_WARN_64_TO_32_BIT_CONVERSION = YES;
				GCC_WARN_ABOUT_RETURN_TYPE = YES_ERROR;
				GCC_WARN_UNDECLARED_SELECTOR = YES;
				GCC_WARN_UNINITIALIZED_AUTOS = YES_AGGRESSIVE;
				GCC_WARN_UNUSED_FUNCTION = YES;
				GCC_WARN_UNUSED_VARIABLE = YES;
				IPHONEOS_DEPLOYMENT_TARGET = 15.1;
				LD_RUNPATH_SEARCH_PATHS = (
					/usr/lib/swift,
					"$(inherited)",
				);
				LIBRARY_SEARCH_PATHS = (
					"\"$(SDKROOT)/usr/lib/swift\"",
					"\"$(TOOLCHAIN_DIR)/usr/lib/swift/$(PLATFORM_NAME)\"",
					"\"$(inherited)\"",
				);
				MTL_ENABLE_DEBUG_INFO = YES;
				ONLY_ACTIVE_ARCH = YES;
				OTHER_CPLUSPLUSFLAGS = (
					"$(OTHER_CFLAGS)",
					"-DFOLLY_NO_CONFIG",
					"-DFOLLY_MOBILE=1",
					"-DFOLLY_USE_LIBCPP=1",
					"-DFOLLY_CFG_NO_COROUTINES=1",
					"-DFOLLY_HAVE_CLOCK_GETTIME=1",
				);
				SDKROOT = iphoneos;
			};
			name = Debug;
		};
		83CBBA211A601CBA00E9B192 /* Release */ = {
			isa = XCBuildConfiguration;
			buildSettings = {
				ALWAYS_SEARCH_USER_PATHS = NO;
				CLANG_ANALYZER_LOCALIZABILITY_NONLOCALIZED = YES;
				CLANG_CXX_LANGUAGE_STANDARD = "c++20";
				CLANG_CXX_LIBRARY = "libc++";
				CLANG_ENABLE_MODULES = YES;
				CLANG_ENABLE_OBJC_ARC = YES;
				CLANG_WARN_BLOCK_CAPTURE_AUTORELEASING = YES;
				CLANG_WARN_BOOL_CONVERSION = YES;
				CLANG_WARN_COMMA = YES;
				CLANG_WARN_CONSTANT_CONVERSION = YES;
				CLANG_WARN_DEPRECATED_OBJC_IMPLEMENTATIONS = YES;
				CLANG_WARN_DIRECT_OBJC_ISA_USAGE = YES_ERROR;
				CLANG_WARN_EMPTY_BODY = YES;
				CLANG_WARN_ENUM_CONVERSION = YES;
				CLANG_WARN_INFINITE_RECURSION = YES;
				CLANG_WARN_INT_CONVERSION = YES;
				CLANG_WARN_NON_LITERAL_NULL_CONVERSION = YES;
				CLANG_WARN_OBJC_IMPLICIT_RETAIN_SELF = YES;
				CLANG_WARN_OBJC_LITERAL_CONVERSION = YES;
				CLANG_WARN_OBJC_ROOT_CLASS = YES_ERROR;
				CLANG_WARN_QUOTED_INCLUDE_IN_FRAMEWORK_HEADER = YES;
				CLANG_WARN_RANGE_LOOP_ANALYSIS = YES;
				CLANG_WARN_STRICT_PROTOTYPES = YES;
				CLANG_WARN_SUSPICIOUS_MOVE = YES;
				CLANG_WARN_UNREACHABLE_CODE = YES;
				CLANG_WARN__DUPLICATE_METHOD_MATCH = YES;
				"CODE_SIGN_IDENTITY[sdk=iphoneos*]" = "iPhone Developer";
				COPY_PHASE_STRIP = YES;
				ENABLE_NS_ASSERTIONS = NO;
				ENABLE_STRICT_OBJC_MSGSEND = YES;
				"EXCLUDED_ARCHS[sdk=iphonesimulator*]" = "";
				GCC_C_LANGUAGE_STANDARD = gnu99;
				GCC_NO_COMMON_BLOCKS = YES;
				GCC_WARN_64_TO_32_BIT_CONVERSION = YES;
				GCC_WARN_ABOUT_RETURN_TYPE = YES_ERROR;
				GCC_WARN_UNDECLARED_SELECTOR = YES;
				GCC_WARN_UNINITIALIZED_AUTOS = YES_AGGRESSIVE;
				GCC_WARN_UNUSED_FUNCTION = YES;
				GCC_WARN_UNUSED_VARIABLE = YES;
				IPHONEOS_DEPLOYMENT_TARGET = 15.1;
				LD_RUNPATH_SEARCH_PATHS = (
					/usr/lib/swift,
					"$(inherited)",
				);
				LIBRARY_SEARCH_PATHS = (
					"\"$(SDKROOT)/usr/lib/swift\"",
					"\"$(TOOLCHAIN_DIR)/usr/lib/swift/$(PLATFORM_NAME)\"",
					"\"$(inherited)\"",
				);
				MTL_ENABLE_DEBUG_INFO = NO;
				OTHER_CPLUSPLUSFLAGS = (
					"$(OTHER_CFLAGS)",
					"-DFOLLY_NO_CONFIG",
					"-DFOLLY_MOBILE=1",
					"-DFOLLY_USE_LIBCPP=1",
					"-DFOLLY_CFG_NO_COROUTINES=1",
					"-DFOLLY_HAVE_CLOCK_GETTIME=1",
				);
				SDKROOT = iphoneos;
				VALIDATE_PRODUCT = YES;
			};
			name = Release;
		};
/* End XCBuildConfiguration section */

/* Begin XCConfigurationList section */
		13B07F931A680F5B00A75B9A /* Build configuration list for PBXNativeTarget "BlockstrackerApp" */ = {
			isa = XCConfigurationList;
			buildConfigurations = (
				13B07F941A680F5B00A75B9A /* Debug */,
				13B07F951A680F5B00A75B9A /* Release */,
			);
			defaultConfigurationIsVisible = 0;
			defaultConfigurationName = Release;
		};
		83CBB9FA1A601CBA00E9B192 /* Build configuration list for PBXProject "BlockstrackerApp" */ = {
			isa = XCConfigurationList;
			buildConfigurations = (
				83CBBA201A601CBA00E9B192 /* Debug */,
				83CBBA211A601CBA00E9B192 /* Release */,
			);
			defaultConfigurationIsVisible = 0;
			defaultConfigurationName = Release;
		};
/* End XCConfigurationList section */
	};
	rootObject = 83CBB9F71A601CBA00E9B192 /* Project object */;
}
